{
  "nodes": {
    "crane": {
      "locked": {
        "lastModified": 1780532242,
        "narHash": "sha256-D+BsdpxmtUwtqGoY0IXPhHgTlmqgcZKCEo1oMyn7ep0=",
        "owner": "ipetkov",
        "repo": "crane",
        "rev": "59a82a1222dd3b2080b5cc52a1a2e8d5f1b77f37",
        "type": "github"
      },
      "original": {
        "owner": "ipetkov",
        "repo": "crane",
        "type": "github"
      }
    },
    "deploy-rs": {
      "inputs": {
        "flake-compat": "flake-compat",
        "flake-utils": "flake-utils",
        "nixpkgs": [
          "nixpkgs"
        ],
        "systems": "systems"
      },
      "locked": {
        "lastModified": 1770352896,
        "narHash": "sha256-rK5kc0rEoOPOI+nFINbPw6IB7dTmhBPTfPptxys7WtA=",
        "owner": "neunenak",
        "repo": "deploy-rs",
        "rev": "7a1afb23e106b3a48ac2f7c45fa5f028156c34f2",
        "type": "github"
      },
      "original": {
        "owner": "neunenak",
        "repo": "deploy-rs",
        "type": "github"
      }
    },
    "devlootbox": {
      "inputs": {
        "crane": "crane",
        "flake-parts": "flake-parts",
        "nixpkgs": "nixpkgs",
        "process-compose-flake": "process-compose-flake",
        "rust-overlay": "rust-overlay",
        "services-flake": "services-flake",
        "systems": "systems_2"
      },
      "locked": {
        "lastModified": 1781708568,
        "narHash": "sha256-2fjNRtkM1zvjcQUHNKdOEKOjiSf6hT9Sx596MzSIops=",
        "ref": "refs/heads/production",
        "rev": "0a4d8ed599828ec9e0c3b1fd5de4e6523761b6e2",
        "revCount": 105,
        "type": "git",
        "url": "file:./submodules/devlootbox"
      },
      "original": {
        "type": "git",
        "url": "file:./submodules/devlootbox"
      }
    },
    "dns": {
      "inputs": {
        "flake-utils": "flake-utils_2",
        "nixpkgs": [
          "nixpkgs"
        ]
      },
      "locked": {
        "lastModified": 1768143854,
        "narHash": "sha256-E5/kyPz4zAZn/lZdvqlF83jMgCWNxmqYjjWuadngCbk=",
        "owner": "nix-community",
        "repo": "dns.nix",
        "rev": "a97cf4156e9f044fe4bed5be531061000dfabb07",
        "type": "github"
      },
      "original": {
        "owner": "nix-community",
        "repo": "dns.nix",
        "type": "github"
      }
    },
    "flake-compat": {
      "flake": false,
      "locked": {
        "lastModified": 1733328505,
        "narHash": "sha256-NeCCThCEP3eCl2l/+27kNNK7QrwZB1IJCrXfrbv5oqU=",
        "owner": "edolstra",
        "repo": "flake-compat",
        "rev": "ff81ac966bb2cae68946d5ed5fc4994f96d0ffec",
        "type": "github"
      },
      "original": {
        "owner": "edolstra",
        "repo": "flake-compat",
        "type": "github"
      }
    },
    "flake-parts": {
      "inputs": {
        "nixpkgs-lib": "nixpkgs-lib"
      },
      "locked": {
        "lastModified": 1778716662,
        "narHash": "sha256-m1Yf0wZ8j1OHjTc2UwHwyQRSnNeSgLJOd7q5Y45hzi4=",
        "owner": "hercules-ci",
        "repo": "flake-parts",
        "rev": "f7c1a2d347e4c52d5fb8d10cb4d94b5884e546fb",
        "type": "github"
      },
      "original": {
        "owner": "hercules-ci",
        "repo": "flake-parts",
        "type": "github"
      }
    },
    "flake-parts_2": {
      "inputs": {
        "nixpkgs-lib": "nixpkgs-lib_2"
      },
      "locked": {
        "lastModified": 1782949081,
        "narHash": "sha256-vp6Y/Grm98ESt6ceOkWiHWyZRDV3J1RID4w+6NWK9yA=",
        "owner": "hercules-ci",
        "repo": "flake-parts",
        "rev": "17c9d6cdfc60c64f4ee8d306f9bc0b4ccb51481e",
        "type": "github"
      },
      "original": {
        "owner": "hercules-ci",
        "repo": "flake-parts",
        "type": "github"
      }
    },
    "flake-utils": {
      "inputs": {
        "systems": [
          "deploy-rs",
          "systems"
        ]
      },
      "locked": {
        "lastModified": 1731533236,
        "narHash": "sha256-l0KFg5HjrsfsO/JpG+r7fRrqm12kzFHyUHqHCVpMMbI=",
        "owner": "numtide",
        "repo": "flake-utils",
        "rev": "11707dc2f618dd54ca8739b309ec4fc024de578b",
        "type": "github"
      },
      "original": {
        "owner": "numtide",
        "repo": "flake-utils",
        "type": "github"
      }
    },
    "flake-utils_2": {
      "locked": {
        "lastModified": 1614513358,
        "narHash": "sha256-LakhOx3S1dRjnh0b5Dg3mbZyH0ToC9I8Y2wKSkBaTzU=",
        "owner": "numtide",
        "repo": "flake-utils",
        "rev": "5466c5bbece17adaab2d82fae80b46e807611bf3",
        "type": "github"
      },
      "original": {
        "owner": "numtide",
        "repo": "flake-utils",
        "type": "github"
      }
    },
    "nc4nix": {
      "flake": false,
      "locked": {
        "lastModified": 1784567072,
        "narHash": "sha256-zFD9CY22D2F4OJ8UhLB4BhlnUfDGgS/k80bBmnWl+To=",
        "ref": "refs/heads/main",
        "rev": "0fec18e472f43179fdefe9cd103938c5077a721a",
        "revCount": 1407,
        "type": "git",
        "url": "https://git.helsinki.tools/helsinki-systems/nc4nix.git/"
      },
      "original": {
        "type": "git",
        "url": "https://git.helsinki.tools/helsinki-systems/nc4nix.git/"
      }
    },
    "nextcloud-testumgebung": {
      "flake": false,
      "locked": {
        "lastModified": 1730827799,
        "narHash": "sha256-79sE72rlztvhx37PYh6m2TLE2J6ybVvDRMQBRWaohqc=",
        "owner": "onny",
        "repo": "nixos-nextcloud-testumgebung",
        "rev": "c3fdbf165814d403a8f8e81ff8e15adcbe7eadd0",
        "type": "github"
      },
      "original": {
        "owner": "onny",
        "repo": "nixos-nextcloud-testumgebung",
        "type": "github"
      }
    },
    "nixpkgs": {
      "locked": {
        "lastModified": 1781607440,
        "narHash": "sha256-rxO+uc/KFbSJp+pgyXRuAX6QlG9hJdnt0BXpEQRXY+U=",
        "owner": "NixOS",
        "repo": "nixpkgs",
        "rev": "3e41b24abd260e8f71dbe2f5737d24122f972158",
        "type": "github"
      },
      "original": {
        "owner": "NixOS",
        "ref": "nixpkgs-unstable",
        "repo": "nixpkgs",
        "type": "github"
      }
    },
    "nixpkgs-lib": {
      "locked": {
        "lastModified": 1777168982,
        "narHash": "sha256-GOkGPcboWE9BmGCRMLX3worL4EMnsnG8MyKmXNeYuhQ=",
        "owner": "nix-community",
        "repo": "nixpkgs.lib",
        "rev": "f5901329dade4a6ea039af1433fb087bd9c1fe14",
        "type": "github"
      },
      "original": {
        "owner": "nix-community",
        "repo": "nixpkgs.lib",
        "type": "github"
      }
    },
    "nixpkgs-lib_2": {
      "locked": {
        "lastModified": 1782614948,
        "narHash": "sha256-ePjCwr1sNm9NYUqywL7QfK3JnlS015msC+eBu2zKlp8=",
        "owner": "nix-community",
        "repo": "nixpkgs.lib",
        "rev": "db3f255737b94216eb71cce308e2912cf6bc2d7c",
        "type": "github"
      },
      "original": {
        "owner": "nix-community",
        "repo": "nixpkgs.lib",
        "type": "github"
      }
    },
    "nixpkgs_2": {
      "locked": {
        "lastModified": 1784497964,
        "narHash": "sha256-vlHUuqAcbcH2RKmHbPiuQzbv1pnzzavXnI62RD0bqCU=",
        "owner": "NixOS",
        "repo": "nixpkgs",
        "rev": "241313f4e8e508cb9b13278c2b0fa25b9ca27163",
        "type": "github"
      },
      "original": {
        "owner": "NixOS",
        "ref": "nixos-unstable",
        "repo": "nixpkgs",
        "type": "github"
      }
    },
    "process-compose-flake": {
      "locked": {
        "lastModified": 1767863885,
        "narHash": "sha256-XXekPAxzbv1DmHFo3Elmj/vDnvWc1V0jdDUvM0/Wf7k=",
        "owner": "Platonic-Systems",
        "repo": "process-compose-flake",
        "rev": "99bea96cf269cfd235833ebdf645b567069fd398",
        "type": "github"
      },
      "original": {
        "owner": "Platonic-Systems",
        "repo": "process-compose-flake",
        "type": "github"
      }
    },
    "root": {
      "inputs": {
        "deploy-rs": "deploy-rs",
        "devlootbox": "devlootbox",
        "dns": "dns",
        "flake-parts": "flake-parts_2",
        "nc4nix": "nc4nix",
        "nextcloud-testumgebung": "nextcloud-testumgebung",
        "nixpkgs": "nixpkgs_2",
        "secrets": "secrets",
        "sops-nix": "sops-nix",
        "systems": "systems_3"
      }
    },
    "rust-overlay": {
      "inputs": {
        "nixpkgs": [
          "devlootbox",
          "nixpkgs"
        ]
      },
      "locked": {
        "lastModified": 1781666412,
        "narHash": "sha256-Tzgol+o9+V4lK99r4AERI4pyFoZwg6Si2xUd1wc/WQU=",
        "owner": "oxalica",
        "repo": "rust-overlay",
        "rev": "d0e019d9543f0f1215a3d961fc4dca59aa29c638",
        "type": "github"
      },
      "original": {
        "owner": "oxalica",
        "repo": "rust-overlay",
        "type": "github"
      }
    },
    "secrets": {
      "flake": false,
      "locked": {
        "lastModified": 1784717564,
        "narHash": "sha256-vmLUcGzA8Fz6PMNt9UcNrRxwsKecsTIzFprzFBZQJqw=",
        "ref": "refs/heads/master",
        "rev": "f1faaaa15a88bff1ffe08d5c59393f41fdd43093",
        "revCount": 45,
        "type": "git",
        "url": "file:./submodules/secrets"
      },
      "original": {
        "type": "git",
        "url": "file:./submodules/secrets"
      }
    },
    "services-flake": {
      "locked": {
        "lastModified": 1780343091,
        "narHash": "sha256-WPuSxRtCk9Qe0jWMbGMRZjFBhyFDxcrOiBIXS9feZrQ=",
        "owner": "juspay",
        "repo": "services-flake",
        "rev": "0855711d53039af2ffb725a6b00d3ad0f88880e3",
        "type": "github"
      },
      "original": {
        "owner": "juspay",
        "repo": "services-flake",
        "type": "github"
      }
    },
    "sops-nix": {
      "inputs": {
        "nixpkgs": [
          "nixpkgs"
        ]
      },
      "locked": {
        "lastModified": 1783174389,
        "narHash": "sha256-aCWC8ngycU7OdJrU2+Je3qf+1a2ykuBvpPhZT/9tXMc=",
        "owner": "Mic92",
        "repo": "sops-nix",
        "rev": "f1406619a3884cd5c47992a70b8b35c9c0fcb4c9",
        "type": "github"
      },
      "original": {
        "owner": "Mic92",
        "repo": "sops-nix",
        "type": "github"
      }
    },
    "systems": {
      "locked": {
        "lastModified": 1681028828,
        "narHash": "sha256-Vy1rq5AaRuLzOxct8nz4T6wlgyUR7zLU309k9mBC768=",
        "owner": "nix-systems",
        "repo": "default",
        "rev": "da67096a3b9bf56a91d16901293e51ba5b49a27e",
        "type": "github"
      },
      "original": {
        "owner": "nix-systems",
        "repo": "default",
        "type": "github"
      }
    },
    "systems_2": {
      "locked": {
        "lastModified": 1681028828,
        "narHash": "sha256-Vy1rq5AaRuLzOxct8nz4T6wlgyUR7zLU309k9mBC768=",
        "owner": "nix-systems",
        "repo": "default",
        "rev": "da67096a3b9bf56a91d16901293e51ba5b49a27e",
        "type": "github"
      },
      "original": {
        "owner": "nix-systems",
        "repo": "default",
        "type": "github"
      }
    },
    "systems_3": {
      "locked": {
        "lastModified": 1681028828,
        "narHash": "sha256-Vy1rq5AaRuLzOxct8nz4T6wlgyUR7zLU309k9mBC768=",
        "owner": "nix-systems",
        "repo": "default",
        "rev": "da67096a3b9bf56a91d16901293e51ba5b49a27e",
        "type": "github"
      },
      "original": {
        "owner": "nix-systems",
        "repo": "default",
        "type": "github"
      }
    }
  },
  "root": "root",
  "version": 7
}
