{
  "nodes": {
    "disko": {
      "inputs": {
        "nixpkgs": [
          "nixpkgs"
        ]
      },
      "locked": {
        "lastModified": 1732030699,
        "narHash": "sha256-SBosboLvLqDv+7mNgRTIYDQbHE61rDDkXTJWiRX3PPo=",
        "owner": "nix-community",
        "repo": "disko",
        "rev": "da52cf40206d7d1a419d07640eb47b2fb9ac2c21",
        "type": "github"
      },
      "original": {
        "owner": "nix-community",
        "repo": "disko",
        "type": "github"
      }
    },
    "nixos-facter-modules": {
      "locked": {
        "lastModified": 1731843871,
        "narHash": "sha256-aIy8m4jjr/BFXzniNzoH16sF7HEFV/01/5b3FhtUHrw=",
        "owner": "numtide",
        "repo": "nixos-facter-modules",
        "rev": "5a1c2a28589e34f8a44d46dd1909cfacf928cb1a",
        "type": "github"
      },
      "original": {
        "owner": "numtide",
        "repo": "nixos-facter-modules",
        "type": "github"
      }
    },
    "nixpkgs": {
      "locked": {
        "lastModified": 1731890469,
        "narHash": "sha256-D1FNZ70NmQEwNxpSSdTXCSklBH1z2isPR84J6DQrJGs=",
        "owner": "NixOS",
        "repo": "nixpkgs",
        "rev": "5083ec887760adfe12af64830a66807423a859a7",
        "type": "github"
      },
      "original": {
        "owner": "NixOS",
        "ref": "nixpkgs-unstable",
        "repo": "nixpkgs",
        "type": "github"
      }
    },
    "root": {
      "inputs": {
        "disko": "disko",
        "nixos-facter-modules": "nixos-facter-modules",
        "nixpkgs": "nixpkgs"
      }
    }
  },
  "root": "root",
  "version": 7
}
