{
  "nodes": {
    "deploy-rs": {
      "inputs": {
        "flake-compat": "flake-compat",
        "nixpkgs": [
          "nixpkgs"
        ],
        "utils": "utils"
      },
      "locked": {
        "lastModified": 1727447169,
        "narHash": "sha256-3KyjMPUKHkiWhwR91J1YchF6zb6gvckCAY1jOE+ne0U=",
        "owner": "serokell",
        "repo": "deploy-rs",
        "rev": "aa07eb05537d4cd025e2310397a6adcedfe72c76",
        "type": "github"
      },
      "original": {
        "owner": "serokell",
        "repo": "deploy-rs",
        "type": "github"
      }
    },
    "dns": {
      "inputs": {
        "flake-utils": "flake-utils",
        "nixpkgs": [
          "nixpkgs"
        ]
      },
      "locked": {
        "lastModified": 1726867691,
        "narHash": "sha256-IK3r16N9pizf53AipOmrcrcyjVsPJwC4PI5hIqEyKwQ=",
        "owner": "nix-community",
        "repo": "dns.nix",
        "rev": "a3196708a56dee76186a9415c187473b94e6cbae",
        "type": "github"
      },
      "original": {
        "owner": "nix-community",
        "repo": "dns.nix",
        "type": "github"
      }
    },
    "flake-compat": {
      "flake": false,
      "locked": {
        "lastModified": 1696426674,
        "narHash": "sha256-kvjfFW7WAETZlt09AgDn1MrtKzP7t90Vf7vypd3OL1U=",
        "owner": "edolstra",
        "repo": "flake-compat",
        "rev": "0f9255e01c2351cc7d116c072cb317785dd33b33",
        "type": "github"
      },
      "original": {
        "owner": "edolstra",
        "repo": "flake-compat",
        "type": "github"
      }
    },
    "flake-utils": {
      "locked": {
        "lastModified": 1614513358,
        "narHash": "sha256-LakhOx3S1dRjnh0b5Dg3mbZyH0ToC9I8Y2wKSkBaTzU=",
        "owner": "numtide",
        "repo": "flake-utils",
        "rev": "5466c5bbece17adaab2d82fae80b46e807611bf3",
        "type": "github"
      },
      "original": {
        "owner": "numtide",
        "repo": "flake-utils",
        "type": "github"
      }
    },
    "nixpkgs": {
      "locked": {
        "lastModified": 1732359803,
        "narHash": "sha256-DPGw9u0Ejy5Hkip79wWSfC1i8q+YqKYngi0AFx3Z4W8=",
        "owner": "NixOS",
        "repo": "nixpkgs",
        "rev": "1c79f7f85262067ecdffd95234032dda50f42958",
        "type": "github"
      },
      "original": {
        "owner": "NixOS",
        "ref": "nixos-unstable-small",
        "repo": "nixpkgs",
        "type": "github"
      }
    },
    "redlib": {
      "flake": false,
      "locked": {
        "lastModified": 1733156997,
        "narHash": "sha256-bAsSLZWGLMrD21xdQtD5NyNsNSZwLOd/+6ujZpbsyQg=",
        "owner": "redlib-org",
        "repo": "redlib",
        "rev": "d7ec07cd0d713fc308e1004663b0053db8f00a0f",
        "type": "github"
      },
      "original": {
        "owner": "redlib-org",
        "repo": "redlib",
        "type": "github"
      }
    },
    "root": {
      "inputs": {
        "deploy-rs": "deploy-rs",
        "dns": "dns",
        "nixpkgs": "nixpkgs",
        "redlib": "redlib"
      }
    },
    "systems": {
      "locked": {
        "lastModified": 1681028828,
        "narHash": "sha256-Vy1rq5AaRuLzOxct8nz4T6wlgyUR7zLU309k9mBC768=",
        "owner": "nix-systems",
        "repo": "default",
        "rev": "da67096a3b9bf56a91d16901293e51ba5b49a27e",
        "type": "github"
      },
      "original": {
        "owner": "nix-systems",
        "repo": "default",
        "type": "github"
      }
    },
    "utils": {
      "inputs": {
        "systems": "systems"
      },
      "locked": {
        "lastModified": 1701680307,
        "narHash": "sha256-kAuep2h5ajznlPMD9rnQyffWG8EM/C73lejGofXvdM8=",
        "owner": "numtide",
        "repo": "flake-utils",
        "rev": "4022d587cbbfd70fe950c1e2083a02621806a725",
        "type": "github"
      },
      "original": {
        "owner": "numtide",
        "repo": "flake-utils",
        "type": "github"
      }
    }
  },
  "root": "root",
  "version": 7
}
